# This file is autogenerated, do not edit; changes may be undone by the next 'dep ensure'.


[[projects]]
  digest = "1:65aabda3d63a04c5089a0751ce80b89f96aa16c7dd168585a580d3544e3b7a8b"
  name = "github.com/99designs/gqlgen"
  packages = [
    "graphql",
    "graphql/introspection",
    "handler",
  ]
  pruneopts = "UT"
  revision = "42f10ec9122abaac7b9cf03444f35b6c5cb5f53d"
  version = "0.4.1"

[[projects]]
  branch = "master"
  digest = "1:d8494da300984663e9f09b54b1f83509cf144404a95b8ca65c77a0933402372c"
  name = "github.com/GuiaBolso/darwin"
  packages = ["."]
  pruneopts = "UT"
  revision = "86919dfcf80873d58ea2e527c15b1e02a5636ead"

[[projects]]
  branch = "master"
  digest = "1:897d91c431ce469d35a5e6030e60e617dccd9a0e95bdffa6a80594f5c5800d29"
  name = "github.com/agnivade/levenshtein"
  packages = ["."]
  pruneopts = "UT"
  revision = "3d21ba515fe27b856f230847e856431ae1724adc"

[[projects]]
  digest = "1:43dd08a10854b2056e615d1b1d22ac94559d822e1f8b6fcc92c1a1057e85188e"
  name = "github.com/gorilla/websocket"
  packages = ["."]
  pruneopts = "UT"
  revision = "ea4d1f681babbce9545c9c5f3d5194a789c89f5b"
  version = "v1.2.0"

[[projects]]
  branch = "master"
  digest = "1:37ce7d7d80531b227023331002c0d42b4b4b291a96798c82a049d03a54ba79e4"
  name = "github.com/lib/pq"
  packages = [
    ".",
    "oid",
  ]
  pruneopts = "UT"
  revision = "90697d60dd844d5ef6ff15135d0203f65d2f53b8"

[[projects]]
  digest = "1:39c2113f3a89585666e6f973650cff186b2d06deb4aa202c88addb87b0a201db"
  name = "github.com/russross/blackfriday"
  packages = ["."]
  pruneopts = "UT"
  revision = "cadec560ec52d93835bf2f15bd794700d3a2473b"
  version = "v2.0.0"

[[projects]]
  branch = "master"
  digest = "1:def689e73e9252f6f7fe66834a76751a41b767e03daab299e607e7226c58a855"
  name = "github.com/shurcooL/sanitized_anchor_name"
  packages = ["."]
  pruneopts = "UT"
  revision = "86672fcb3f950f35f2e675df2240550f2a50762f"

[[projects]]
  branch = "master"
  digest = "1:358be956ac7988b5dd0cb4439f4bc6ce33224c95675220b877a35f16ba3e965a"
  name = "github.com/vektah/gqlparser"
  packages = [
    ".",
    "ast",
    "gqlerror",
    "lexer",
    "parser",
    "validator",
    "validator/rules",
  ]
  pruneopts = "UT"
  revision = "d641c37c5dbfcf71ec357ff95ebeed1a0e030d68"

[solve-meta]
  analyzer-name = "dep"
  analyzer-version = 1
  input-imports = [
    "github.com/99designs/gqlgen/graphql",
    "github.com/99designs/gqlgen/graphql/introspection",
    "github.com/99designs/gqlgen/handler",
    "github.com/GuiaBolso/darwin",
    "github.com/lib/pq",
    "github.com/russross/blackfriday",
    "github.com/vektah/gqlparser",
    "github.com/vektah/gqlparser/ast",
  ]
  solver-name = "gps-cdcl"
  solver-version = 1
