# This file is autogenerated, do not edit; changes may be undone by the next 'dep ensure'.


[[projects]]
  branch = "master"
  digest = "1:d1fe918bdd77ba0b161c09b1a82b88debe882d849dfe75c112c63cdc61d19de4"
  name = "github.com/99designs/gqlgen"
  packages = [
    "graphql",
    "graphql/introspection",
    "handler",
  ]
  pruneopts = "UT"
  revision = "2dcb2dd8c3aea0d993b19c93660b4579e404c53f"

[[projects]]
  branch = "master"
  digest = "1:d8494da300984663e9f09b54b1f83509cf144404a95b8ca65c77a0933402372c"
  name = "github.com/GuiaBolso/darwin"
  packages = ["."]
  pruneopts = "UT"
  revision = "86919dfcf80873d58ea2e527c15b1e02a5636ead"

[[projects]]
  digest = "1:897d91c431ce469d35a5e6030e60e617dccd9a0e95bdffa6a80594f5c5800d29"
  name = "github.com/agnivade/levenshtein"
  packages = ["."]
  pruneopts = "UT"
  revision = "3d21ba515fe27b856f230847e856431ae1724adc"
  version = "v1.0.0"

[[projects]]
  digest = "1:4eda9f7bf70f5145b3b9ed3f18ac93e9b1a0e38906eb69e526380c34861e2b07"
  name = "github.com/go-chi/chi"
  packages = [
    ".",
    "middleware",
  ]
  pruneopts = "UT"
  revision = "e83ac2304db3c50cf03d96a2fcd39009d458bc35"
  version = "v3.3.2"

[[projects]]
  digest = "1:cee8e8ac80df6373e7daa11baf1f98c1b6f7242c49ccae7e1ec34a971dc408d9"
  name = "github.com/gorilla/websocket"
  packages = ["."]
  pruneopts = "UT"
  revision = "3ff3320c2a1756a3691521efc290b4701575147c"
  version = "v1.3.0"

[[projects]]
  digest = "1:8ef506fc2bb9ced9b151dafa592d4046063d744c646c1bbe801982ce87e4bc24"
  name = "github.com/lib/pq"
  packages = [
    ".",
    "oid",
  ]
  pruneopts = "UT"
  revision = "4ded0e9383f75c197b3a2aaa6d590ac52df6fd79"
  version = "v1.0.0"

[[projects]]
  digest = "1:0b8dd7447e420afff0260179dc892711e837edd1d446bc78dab924624a3c3c81"
  name = "github.com/rs/cors"
  packages = ["."]
  pruneopts = "UT"
  revision = "3fb1b69b103a84de38a19c3c6ec073dd6caa4d3f"
  version = "v1.5.0"

[[projects]]
  branch = "master"
  digest = "1:def689e73e9252f6f7fe66834a76751a41b767e03daab299e607e7226c58a855"
  name = "github.com/shurcooL/sanitized_anchor_name"
  packages = ["."]
  pruneopts = "UT"
  revision = "86672fcb3f950f35f2e675df2240550f2a50762f"

[[projects]]
  branch = "master"
  digest = "1:1ae7d9d18f0ea153eeaf8693863ae9ffb48a4801af9b34a266ff97956f2ee1d2"
  name = "github.com/vektah/gqlparser"
  packages = [
    ".",
    "ast",
    "gqlerror",
    "lexer",
    "parser",
    "validator",
    "validator/rules",
  ]
  pruneopts = "UT"
  revision = "d0fbd67c7fe908a304fbd2e2a625b397d793af41"

[[projects]]
  digest = "1:39c2113f3a89585666e6f973650cff186b2d06deb4aa202c88addb87b0a201db"
  name = "gopkg.in/russross/blackfriday.v2"
  packages = ["."]
  pruneopts = "UT"
  revision = "cadec560ec52d93835bf2f15bd794700d3a2473b"
  version = "v2.0.0"

[[projects]]
  branch = "v1"
  digest = "1:f099f01404787f3d89257d3dd7fbea0c8da7bd9fd3ff9ae9d8bf80c56523b125"
  name = "gopkg.in/unrolled/render.v1"
  packages = ["."]
  pruneopts = "UT"
  revision = "4206df6ff70175d219fdb4672ae157fbed820103"

[[projects]]
  branch = "v1"
  digest = "1:9624432019da6390fc19bd6ef16d110efb7bee291f1d9048273ab229fcb2bea1"
  name = "gopkg.in/unrolled/secure.v1"
  packages = ["."]
  pruneopts = "UT"
  revision = "8287f3899c8e3d490748e18fe7d438629132914e"

[solve-meta]
  analyzer-name = "dep"
  analyzer-version = 1
  input-imports = [
    "github.com/99designs/gqlgen/graphql",
    "github.com/99designs/gqlgen/graphql/introspection",
    "github.com/99designs/gqlgen/handler",
    "github.com/GuiaBolso/darwin",
    "github.com/go-chi/chi",
    "github.com/go-chi/chi/middleware",
    "github.com/lib/pq",
    "github.com/rs/cors",
    "github.com/vektah/gqlparser",
    "github.com/vektah/gqlparser/ast",
    "gopkg.in/russross/blackfriday.v2",
    "gopkg.in/unrolled/render.v1",
    "gopkg.in/unrolled/secure.v1",
  ]
  solver-name = "gps-cdcl"
  solver-version = 1
